
Microsoft Visual Studio Solution File, Format Version 12.00
# Visual Studio Version 17
VisualStudioVersion = 17.2.32630.192
MinimumVisualStudioVersion = 10.0.40219.1
Project("{9A19103F-16F7-4668-BE54-9A1E7A4F7556}") = "R5T.E0068", "R5T.E0068\R5T.E0068.csproj", "{B47B5D61-12DD-45C2-895E-8EFFAAEC51FC}"
EndProject
Project("{2150E333-8FDC-42A3-9474-1A3956D46DE8}") = "_Dependencies", "_Dependencies", "{3117D355-BC62-45E4-B165-D7CF2C708B1D}"
EndProject
Project("{9A19103F-16F7-4668-BE54-9A1E7A4F7556}") = "R5T.NG0019", "..\..\R5T.NG0019\source\R5T.NG0019\R5T.NG0019.csproj", "{5CB1517D-44F7-4DB4-B8B9-903ED93FBCC2}"
EndProject
Project("{9A19103F-16F7-4668-BE54-9A1E7A4F7556}") = "R5T.T0141", "..\..\R5T.T0141\source\R5T.T0141\R5T.T0141.csproj", "{5F3A6C82-142E-4AFA-96CC-0B3F3FF695B9}"
EndProject
Project("{9A19103F-16F7-4668-BE54-9A1E7A4F7556}") = "R5T.T0143", "..\..\R5T.T0143\source\R5T.T0143\R5T.T0143.csproj", "{327AABD2-907C-49D3-A7F3-4FCBD8A9F3C4}"
EndProject
Project("{9A19103F-16F7-4668-BE54-9A1E7A4F7556}") = "R5T.F0000", "..\..\R5T.F0000\source\R5T.F0000\R5T.F0000.csproj", "{7239A9C2-7060-497B-8663-C1AB01F39BA2}"
EndProject
Project("{9A19103F-16F7-4668-BE54-9A1E7A4F7556}") = "R5T.F0033", "..\..\R5T.F0033\source\R5T.F0033\R5T.F0033.csproj", "{CB7BD2A6-16CE-4E73-A99D-47B8A917BF58}"
EndProject
Project("{9A19103F-16F7-4668-BE54-9A1E7A4F7556}") = "R5T.T0131", "..\..\R5T.T0131\source\R5T.T0131\R5T.T0131.csproj", "{BF826B32-D855-4052-8231-51F6DEFD5553}"
EndProject
Project("{9A19103F-16F7-4668-BE54-9A1E7A4F7556}") = "R5T.T0132", "..\..\R5T.T0132\source\R5T.T0132\R5T.T0132.csproj", "{4947D61E-0347-4190-B4E0-50CA224C5C12}"
EndProject
Project("{9A19103F-16F7-4668-BE54-9A1E7A4F7556}") = "R5T.T0142", "..\..\R5T.T0142\source\R5T.T0142\R5T.T0142.csproj", "{ED59513D-ABC2-4F5B-BE01-4D1BB836E80D}"
EndProject
Project("{9A19103F-16F7-4668-BE54-9A1E7A4F7556}") = "R5T.T0156", "..\..\R5T.T0156\source\R5T.T0156\R5T.T0156.csproj", "{0F65F49B-8BD5-4635-9EE3-D566C1837D87}"
EndProject
Project("{9A19103F-16F7-4668-BE54-9A1E7A4F7556}") = "R5T.Y0000", "..\..\R5T.Y0000\source\R5T.Y0000\R5T.Y0000.csproj", "{1D71B60A-786F-4D22-BA86-B59E8B1AD3A4}"
EndProject
Project("{9A19103F-16F7-4668-BE54-9A1E7A4F7556}") = "R5T.Z0000", "..\..\R5T.Z0000\source\R5T.Z0000\R5T.Z0000.csproj", "{4C883084-345F-448D-A5C9-3E351B1D26EB}"
EndProject
Project("{9A19103F-16F7-4668-BE54-9A1E7A4F7556}") = "R5T.T0150", "..\..\R5T.T0150\source\R5T.T0150\R5T.T0150.csproj", "{BB03DB2F-C45E-48FE-B04E-0D91E189C480}"
EndProject
Project("{9A19103F-16F7-4668-BE54-9A1E7A4F7556}") = "R5T.T0151", "..\..\R5T.T0151\source\R5T.T0151\R5T.T0151.csproj", "{B69DAD7C-D96E-4D59-86CB-99F014FACC67}"
EndProject
Project("{9A19103F-16F7-4668-BE54-9A1E7A4F7556}") = "R5T.T0172", "..\..\R5T.T0172\source\R5T.T0172\R5T.T0172.csproj", "{E629C2E3-80D2-456C-9AB6-0258ECA19CB0}"
EndProject
Project("{9A19103F-16F7-4668-BE54-9A1E7A4F7556}") = "R5T.T0178", "..\..\R5T.T0178\source\R5T.T0178\R5T.T0178.csproj", "{6CDB9BDB-0745-4947-8E03-016BBEFFADA3}"
EndProject
Project("{9A19103F-16F7-4668-BE54-9A1E7A4F7556}") = "R5T.T0179", "..\..\R5T.T0179\source\R5T.T0179\R5T.T0179.csproj", "{C5B6A2DD-8656-465E-836A-D1D9016612F8}"
EndProject
Project("{9A19103F-16F7-4668-BE54-9A1E7A4F7556}") = "R5T.T0180", "..\..\R5T.T0180\source\R5T.T0180\R5T.T0180.csproj", "{47731216-C7C7-4097-9880-078C795B6861}"
EndProject
Project("{9A19103F-16F7-4668-BE54-9A1E7A4F7556}") = "R5T.T0181", "..\..\R5T.T0181\source\R5T.T0181\R5T.T0181.csproj", "{D2CA1724-358F-4E9E-8D30-EBB704494178}"
EndProject
Project("{9A19103F-16F7-4668-BE54-9A1E7A4F7556}") = "R5T.F0002", "..\..\R5T.F0002\source\R5T.F0002\R5T.F0002.csproj", "{63F8771D-A03A-4B91-8E86-654C08CDA343}"
EndProject
Project("{9A19103F-16F7-4668-BE54-9A1E7A4F7556}") = "R5T.F0120", "..\..\R5T.F0120\source\R5T.F0120\R5T.F0120.csproj", "{E9899205-9FCA-4BA3-B825-241F4EABDD93}"
EndProject
Project("{9A19103F-16F7-4668-BE54-9A1E7A4F7556}") = "R5T.F0124", "..\..\R5T.F0124\source\R5T.F0124\R5T.F0124.csproj", "{82C47B29-C391-4BAF-A28A-6D59403EEBE4}"
EndProject
Project("{9A19103F-16F7-4668-BE54-9A1E7A4F7556}") = "R5T.F0125", "..\..\R5T.F0125\source\R5T.F0125\R5T.F0125.csproj", "{E1A044DE-0F23-407D-8AF3-2977C1E8442B}"
EndProject
Project("{9A19103F-16F7-4668-BE54-9A1E7A4F7556}") = "R5T.L0030.T000", "..\..\R5T.L0030\source\R5T.L0030.T000\R5T.L0030.T000.csproj", "{20326B89-15AC-47F8-AC62-E8E9CAE8BC5D}"
EndProject
Project("{9A19103F-16F7-4668-BE54-9A1E7A4F7556}") = "R5T.L0030", "..\..\R5T.L0030\source\R5T.L0030\R5T.L0030.csproj", "{A3EF84EA-22BD-47F4-ADB1-25F7EB6EA6C0}"
EndProject
Project("{9A19103F-16F7-4668-BE54-9A1E7A4F7556}") = "R5T.L0034", "..\..\R5T.L0034\source\R5T.L0034\R5T.L0034.csproj", "{29F0E5AE-7200-4384-92DE-DE5EB309C47A}"
EndProject
Project("{9A19103F-16F7-4668-BE54-9A1E7A4F7556}") = "R5T.L0035", "..\..\R5T.L0035\source\R5T.L0035\R5T.L0035.csproj", "{6F77B635-2B89-4356-8A0E-154F6AE54271}"
EndProject
Project("{9A19103F-16F7-4668-BE54-9A1E7A4F7556}") = "R5T.Z0015", "..\..\R5T.Z0015\source\R5T.Z0015\R5T.Z0015.csproj", "{8E554DA5-B2DA-46D7-849B-47AB172DB018}"
EndProject
Project("{9A19103F-16F7-4668-BE54-9A1E7A4F7556}") = "R5T.T0161", "..\..\R5T.T0161\source\R5T.T0161\R5T.T0161.csproj", "{B533987E-DF69-4168-8679-67B5E54E3D69}"
EndProject
Project("{9A19103F-16F7-4668-BE54-9A1E7A4F7556}") = "R5T.T0193", "..\..\R5T.T0193\source\R5T.T0193\R5T.T0193.csproj", "{56DED80E-0542-4808-9447-E338FA28723F}"
EndProject
Project("{9A19103F-16F7-4668-BE54-9A1E7A4F7556}") = "R5T.T0174", "..\..\R5T.T0174\source\R5T.T0174\R5T.T0174.csproj", "{B8501861-4D0C-45DF-9925-344F31DDE11E}"
EndProject
Project("{9A19103F-16F7-4668-BE54-9A1E7A4F7556}") = "R5T.T0176", "..\..\R5T.T0176\source\R5T.T0176\R5T.T0176.csproj", "{04A5A2F3-44A1-4AF2-A11B-AAF2CE3AD0C5}"
EndProject
Project("{9A19103F-16F7-4668-BE54-9A1E7A4F7556}") = "R5T.T0177", "..\..\R5T.T0177\source\R5T.T0177\R5T.T0177.csproj", "{AB5F1556-AB2E-423F-A9D3-36254A3B22FD}"
EndProject
Global
	GlobalSection(NestedProjects) = preSolution
		{5CB1517D-44F7-4DB4-B8B9-903ED93FBCC2} = {3117D355-BC62-45E4-B165-D7CF2C708B1D}
		{5F3A6C82-142E-4AFA-96CC-0B3F3FF695B9} = {3117D355-BC62-45E4-B165-D7CF2C708B1D}
		{327AABD2-907C-49D3-A7F3-4FCBD8A9F3C4} = {3117D355-BC62-45E4-B165-D7CF2C708B1D}
		{7239A9C2-7060-497B-8663-C1AB01F39BA2} = {3117D355-BC62-45E4-B165-D7CF2C708B1D}
		{CB7BD2A6-16CE-4E73-A99D-47B8A917BF58} = {3117D355-BC62-45E4-B165-D7CF2C708B1D}
		{BF826B32-D855-4052-8231-51F6DEFD5553} = {3117D355-BC62-45E4-B165-D7CF2C708B1D}
		{4947D61E-0347-4190-B4E0-50CA224C5C12} = {3117D355-BC62-45E4-B165-D7CF2C708B1D}
		{ED59513D-ABC2-4F5B-BE01-4D1BB836E80D} = {3117D355-BC62-45E4-B165-D7CF2C708B1D}
		{0F65F49B-8BD5-4635-9EE3-D566C1837D87} = {3117D355-BC62-45E4-B165-D7CF2C708B1D}
		{1D71B60A-786F-4D22-BA86-B59E8B1AD3A4} = {3117D355-BC62-45E4-B165-D7CF2C708B1D}
		{4C883084-345F-448D-A5C9-3E351B1D26EB} = {3117D355-BC62-45E4-B165-D7CF2C708B1D}
		{BB03DB2F-C45E-48FE-B04E-0D91E189C480} = {3117D355-BC62-45E4-B165-D7CF2C708B1D}
		{B69DAD7C-D96E-4D59-86CB-99F014FACC67} = {3117D355-BC62-45E4-B165-D7CF2C708B1D}
		{E629C2E3-80D2-456C-9AB6-0258ECA19CB0} = {3117D355-BC62-45E4-B165-D7CF2C708B1D}
		{6CDB9BDB-0745-4947-8E03-016BBEFFADA3} = {3117D355-BC62-45E4-B165-D7CF2C708B1D}
		{C5B6A2DD-8656-465E-836A-D1D9016612F8} = {3117D355-BC62-45E4-B165-D7CF2C708B1D}
		{47731216-C7C7-4097-9880-078C795B6861} = {3117D355-BC62-45E4-B165-D7CF2C708B1D}
		{D2CA1724-358F-4E9E-8D30-EBB704494178} = {3117D355-BC62-45E4-B165-D7CF2C708B1D}
		{63F8771D-A03A-4B91-8E86-654C08CDA343} = {3117D355-BC62-45E4-B165-D7CF2C708B1D}
		{E9899205-9FCA-4BA3-B825-241F4EABDD93} = {3117D355-BC62-45E4-B165-D7CF2C708B1D}
		{82C47B29-C391-4BAF-A28A-6D59403EEBE4} = {3117D355-BC62-45E4-B165-D7CF2C708B1D}
		{E1A044DE-0F23-407D-8AF3-2977C1E8442B} = {3117D355-BC62-45E4-B165-D7CF2C708B1D}
		{20326B89-15AC-47F8-AC62-E8E9CAE8BC5D} = {3117D355-BC62-45E4-B165-D7CF2C708B1D}
		{A3EF84EA-22BD-47F4-ADB1-25F7EB6EA6C0} = {3117D355-BC62-45E4-B165-D7CF2C708B1D}
		{29F0E5AE-7200-4384-92DE-DE5EB309C47A} = {3117D355-BC62-45E4-B165-D7CF2C708B1D}
		{6F77B635-2B89-4356-8A0E-154F6AE54271} = {3117D355-BC62-45E4-B165-D7CF2C708B1D}
		{8E554DA5-B2DA-46D7-849B-47AB172DB018} = {3117D355-BC62-45E4-B165-D7CF2C708B1D}
		{B533987E-DF69-4168-8679-67B5E54E3D69} = {3117D355-BC62-45E4-B165-D7CF2C708B1D}
		{56DED80E-0542-4808-9447-E338FA28723F} = {3117D355-BC62-45E4-B165-D7CF2C708B1D}
		{B8501861-4D0C-45DF-9925-344F31DDE11E} = {3117D355-BC62-45E4-B165-D7CF2C708B1D}
		{04A5A2F3-44A1-4AF2-A11B-AAF2CE3AD0C5} = {3117D355-BC62-45E4-B165-D7CF2C708B1D}
		{AB5F1556-AB2E-423F-A9D3-36254A3B22FD} = {3117D355-BC62-45E4-B165-D7CF2C708B1D}
	EndGlobalSection
	GlobalSection(SolutionConfigurationPlatforms) = preSolution
		Debug|Any CPU = Debug|Any CPU
		Release|Any CPU = Release|Any CPU
	EndGlobalSection
	GlobalSection(ProjectConfigurationPlatforms) = postSolution
		{B47B5D61-12DD-45C2-895E-8EFFAAEC51FC}.Debug|Any CPU.ActiveCfg = Debug|Any CPU
		{B47B5D61-12DD-45C2-895E-8EFFAAEC51FC}.Debug|Any CPU.Build.0 = Debug|Any CPU
		{B47B5D61-12DD-45C2-895E-8EFFAAEC51FC}.Release|Any CPU.ActiveCfg = Release|Any CPU
		{B47B5D61-12DD-45C2-895E-8EFFAAEC51FC}.Release|Any CPU.Build.0 = Release|Any CPU
		{5CB1517D-44F7-4DB4-B8B9-903ED93FBCC2}.Debug|Any CPU.ActiveCfg = Debug|Any CPU
		{5CB1517D-44F7-4DB4-B8B9-903ED93FBCC2}.Debug|Any CPU.Build.0 = Debug|Any CPU
		{5CB1517D-44F7-4DB4-B8B9-903ED93FBCC2}.Release|Any CPU.ActiveCfg = Release|Any CPU
		{5CB1517D-44F7-4DB4-B8B9-903ED93FBCC2}.Release|Any CPU.Build.0 = Release|Any CPU
		{5F3A6C82-142E-4AFA-96CC-0B3F3FF695B9}.Debug|Any CPU.ActiveCfg = Debug|Any CPU
		{5F3A6C82-142E-4AFA-96CC-0B3F3FF695B9}.Debug|Any CPU.Build.0 = Debug|Any CPU
		{5F3A6C82-142E-4AFA-96CC-0B3F3FF695B9}.Release|Any CPU.ActiveCfg = Release|Any CPU
		{5F3A6C82-142E-4AFA-96CC-0B3F3FF695B9}.Release|Any CPU.Build.0 = Release|Any CPU
		{327AABD2-907C-49D3-A7F3-4FCBD8A9F3C4}.Debug|Any CPU.ActiveCfg = Debug|Any CPU
		{327AABD2-907C-49D3-A7F3-4FCBD8A9F3C4}.Debug|Any CPU.Build.0 = Debug|Any CPU
		{327AABD2-907C-49D3-A7F3-4FCBD8A9F3C4}.Release|Any CPU.ActiveCfg = Release|Any CPU
		{327AABD2-907C-49D3-A7F3-4FCBD8A9F3C4}.Release|Any CPU.Build.0 = Release|Any CPU
		{7239A9C2-7060-497B-8663-C1AB01F39BA2}.Debug|Any CPU.ActiveCfg = Debug|Any CPU
		{7239A9C2-7060-497B-8663-C1AB01F39BA2}.Debug|Any CPU.Build.0 = Debug|Any CPU
		{7239A9C2-7060-497B-8663-C1AB01F39BA2}.Release|Any CPU.ActiveCfg = Release|Any CPU
		{7239A9C2-7060-497B-8663-C1AB01F39BA2}.Release|Any CPU.Build.0 = Release|Any CPU
		{CB7BD2A6-16CE-4E73-A99D-47B8A917BF58}.Debug|Any CPU.ActiveCfg = Debug|Any CPU
		{CB7BD2A6-16CE-4E73-A99D-47B8A917BF58}.Debug|Any CPU.Build.0 = Debug|Any CPU
		{CB7BD2A6-16CE-4E73-A99D-47B8A917BF58}.Release|Any CPU.ActiveCfg = Release|Any CPU
		{CB7BD2A6-16CE-4E73-A99D-47B8A917BF58}.Release|Any CPU.Build.0 = Release|Any CPU
		{BF826B32-D855-4052-8231-51F6DEFD5553}.Debug|Any CPU.ActiveCfg = Debug|Any CPU
		{BF826B32-D855-4052-8231-51F6DEFD5553}.Debug|Any CPU.Build.0 = Debug|Any CPU
		{BF826B32-D855-4052-8231-51F6DEFD5553}.Release|Any CPU.ActiveCfg = Release|Any CPU
		{BF826B32-D855-4052-8231-51F6DEFD5553}.Release|Any CPU.Build.0 = Release|Any CPU
		{4947D61E-0347-4190-B4E0-50CA224C5C12}.Debug|Any CPU.ActiveCfg = Debug|Any CPU
		{4947D61E-0347-4190-B4E0-50CA224C5C12}.Debug|Any CPU.Build.0 = Debug|Any CPU
		{4947D61E-0347-4190-B4E0-50CA224C5C12}.Release|Any CPU.ActiveCfg = Release|Any CPU
		{4947D61E-0347-4190-B4E0-50CA224C5C12}.Release|Any CPU.Build.0 = Release|Any CPU
		{ED59513D-ABC2-4F5B-BE01-4D1BB836E80D}.Debug|Any CPU.ActiveCfg = Debug|Any CPU
		{ED59513D-ABC2-4F5B-BE01-4D1BB836E80D}.Debug|Any CPU.Build.0 = Debug|Any CPU
		{ED59513D-ABC2-4F5B-BE01-4D1BB836E80D}.Release|Any CPU.ActiveCfg = Release|Any CPU
		{ED59513D-ABC2-4F5B-BE01-4D1BB836E80D}.Release|Any CPU.Build.0 = Release|Any CPU
		{0F65F49B-8BD5-4635-9EE3-D566C1837D87}.Debug|Any CPU.ActiveCfg = Debug|Any CPU
		{0F65F49B-8BD5-4635-9EE3-D566C1837D87}.Debug|Any CPU.Build.0 = Debug|Any CPU
		{0F65F49B-8BD5-4635-9EE3-D566C1837D87}.Release|Any CPU.ActiveCfg = Release|Any CPU
		{0F65F49B-8BD5-4635-9EE3-D566C1837D87}.Release|Any CPU.Build.0 = Release|Any CPU
		{1D71B60A-786F-4D22-BA86-B59E8B1AD3A4}.Debug|Any CPU.ActiveCfg = Debug|Any CPU
		{1D71B60A-786F-4D22-BA86-B59E8B1AD3A4}.Debug|Any CPU.Build.0 = Debug|Any CPU
		{1D71B60A-786F-4D22-BA86-B59E8B1AD3A4}.Release|Any CPU.ActiveCfg = Release|Any CPU
		{1D71B60A-786F-4D22-BA86-B59E8B1AD3A4}.Release|Any CPU.Build.0 = Release|Any CPU
		{4C883084-345F-448D-A5C9-3E351B1D26EB}.Debug|Any CPU.ActiveCfg = Debug|Any CPU
		{4C883084-345F-448D-A5C9-3E351B1D26EB}.Debug|Any CPU.Build.0 = Debug|Any CPU
		{4C883084-345F-448D-A5C9-3E351B1D26EB}.Release|Any CPU.ActiveCfg = Release|Any CPU
		{4C883084-345F-448D-A5C9-3E351B1D26EB}.Release|Any CPU.Build.0 = Release|Any CPU
		{BB03DB2F-C45E-48FE-B04E-0D91E189C480}.Debug|Any CPU.ActiveCfg = Debug|Any CPU
		{BB03DB2F-C45E-48FE-B04E-0D91E189C480}.Debug|Any CPU.Build.0 = Debug|Any CPU
		{BB03DB2F-C45E-48FE-B04E-0D91E189C480}.Release|Any CPU.ActiveCfg = Release|Any CPU
		{BB03DB2F-C45E-48FE-B04E-0D91E189C480}.Release|Any CPU.Build.0 = Release|Any CPU
		{B69DAD7C-D96E-4D59-86CB-99F014FACC67}.Debug|Any CPU.ActiveCfg = Debug|Any CPU
		{B69DAD7C-D96E-4D59-86CB-99F014FACC67}.Debug|Any CPU.Build.0 = Debug|Any CPU
		{B69DAD7C-D96E-4D59-86CB-99F014FACC67}.Release|Any CPU.ActiveCfg = Release|Any CPU
		{B69DAD7C-D96E-4D59-86CB-99F014FACC67}.Release|Any CPU.Build.0 = Release|Any CPU
		{E629C2E3-80D2-456C-9AB6-0258ECA19CB0}.Debug|Any CPU.ActiveCfg = Debug|Any CPU
		{E629C2E3-80D2-456C-9AB6-0258ECA19CB0}.Debug|Any CPU.Build.0 = Debug|Any CPU
		{E629C2E3-80D2-456C-9AB6-0258ECA19CB0}.Release|Any CPU.ActiveCfg = Release|Any CPU
		{E629C2E3-80D2-456C-9AB6-0258ECA19CB0}.Release|Any CPU.Build.0 = Release|Any CPU
		{6CDB9BDB-0745-4947-8E03-016BBEFFADA3}.Debug|Any CPU.ActiveCfg = Debug|Any CPU
		{6CDB9BDB-0745-4947-8E03-016BBEFFADA3}.Debug|Any CPU.Build.0 = Debug|Any CPU
		{6CDB9BDB-0745-4947-8E03-016BBEFFADA3}.Release|Any CPU.ActiveCfg = Release|Any CPU
		{6CDB9BDB-0745-4947-8E03-016BBEFFADA3}.Release|Any CPU.Build.0 = Release|Any CPU
		{C5B6A2DD-8656-465E-836A-D1D9016612F8}.Debug|Any CPU.ActiveCfg = Debug|Any CPU
		{C5B6A2DD-8656-465E-836A-D1D9016612F8}.Debug|Any CPU.Build.0 = Debug|Any CPU
		{C5B6A2DD-8656-465E-836A-D1D9016612F8}.Release|Any CPU.ActiveCfg = Release|Any CPU
		{C5B6A2DD-8656-465E-836A-D1D9016612F8}.Release|Any CPU.Build.0 = Release|Any CPU
		{47731216-C7C7-4097-9880-078C795B6861}.Debug|Any CPU.ActiveCfg = Debug|Any CPU
		{47731216-C7C7-4097-9880-078C795B6861}.Debug|Any CPU.Build.0 = Debug|Any CPU
		{47731216-C7C7-4097-9880-078C795B6861}.Release|Any CPU.ActiveCfg = Release|Any CPU
		{47731216-C7C7-4097-9880-078C795B6861}.Release|Any CPU.Build.0 = Release|Any CPU
		{D2CA1724-358F-4E9E-8D30-EBB704494178}.Debug|Any CPU.ActiveCfg = Debug|Any CPU
		{D2CA1724-358F-4E9E-8D30-EBB704494178}.Debug|Any CPU.Build.0 = Debug|Any CPU
		{D2CA1724-358F-4E9E-8D30-EBB704494178}.Release|Any CPU.ActiveCfg = Release|Any CPU
		{D2CA1724-358F-4E9E-8D30-EBB704494178}.Release|Any CPU.Build.0 = Release|Any CPU
		{63F8771D-A03A-4B91-8E86-654C08CDA343}.Debug|Any CPU.ActiveCfg = Debug|Any CPU
		{63F8771D-A03A-4B91-8E86-654C08CDA343}.Debug|Any CPU.Build.0 = Debug|Any CPU
		{63F8771D-A03A-4B91-8E86-654C08CDA343}.Release|Any CPU.ActiveCfg = Release|Any CPU
		{63F8771D-A03A-4B91-8E86-654C08CDA343}.Release|Any CPU.Build.0 = Release|Any CPU
		{E9899205-9FCA-4BA3-B825-241F4EABDD93}.Debug|Any CPU.ActiveCfg = Debug|Any CPU
		{E9899205-9FCA-4BA3-B825-241F4EABDD93}.Debug|Any CPU.Build.0 = Debug|Any CPU
		{E9899205-9FCA-4BA3-B825-241F4EABDD93}.Release|Any CPU.ActiveCfg = Release|Any CPU
		{E9899205-9FCA-4BA3-B825-241F4EABDD93}.Release|Any CPU.Build.0 = Release|Any CPU
		{82C47B29-C391-4BAF-A28A-6D59403EEBE4}.Debug|Any CPU.ActiveCfg = Debug|Any CPU
		{82C47B29-C391-4BAF-A28A-6D59403EEBE4}.Debug|Any CPU.Build.0 = Debug|Any CPU
		{82C47B29-C391-4BAF-A28A-6D59403EEBE4}.Release|Any CPU.ActiveCfg = Release|Any CPU
		{82C47B29-C391-4BAF-A28A-6D59403EEBE4}.Release|Any CPU.Build.0 = Release|Any CPU
		{E1A044DE-0F23-407D-8AF3-2977C1E8442B}.Debug|Any CPU.ActiveCfg = Debug|Any CPU
		{E1A044DE-0F23-407D-8AF3-2977C1E8442B}.Debug|Any CPU.Build.0 = Debug|Any CPU
		{E1A044DE-0F23-407D-8AF3-2977C1E8442B}.Release|Any CPU.ActiveCfg = Release|Any CPU
		{E1A044DE-0F23-407D-8AF3-2977C1E8442B}.Release|Any CPU.Build.0 = Release|Any CPU
		{20326B89-15AC-47F8-AC62-E8E9CAE8BC5D}.Debug|Any CPU.ActiveCfg = Debug|Any CPU
		{20326B89-15AC-47F8-AC62-E8E9CAE8BC5D}.Debug|Any CPU.Build.0 = Debug|Any CPU
		{20326B89-15AC-47F8-AC62-E8E9CAE8BC5D}.Release|Any CPU.ActiveCfg = Release|Any CPU
		{20326B89-15AC-47F8-AC62-E8E9CAE8BC5D}.Release|Any CPU.Build.0 = Release|Any CPU
		{A3EF84EA-22BD-47F4-ADB1-25F7EB6EA6C0}.Debug|Any CPU.ActiveCfg = Debug|Any CPU
		{A3EF84EA-22BD-47F4-ADB1-25F7EB6EA6C0}.Debug|Any CPU.Build.0 = Debug|Any CPU
		{A3EF84EA-22BD-47F4-ADB1-25F7EB6EA6C0}.Release|Any CPU.ActiveCfg = Release|Any CPU
		{A3EF84EA-22BD-47F4-ADB1-25F7EB6EA6C0}.Release|Any CPU.Build.0 = Release|Any CPU
		{29F0E5AE-7200-4384-92DE-DE5EB309C47A}.Debug|Any CPU.ActiveCfg = Debug|Any CPU
		{29F0E5AE-7200-4384-92DE-DE5EB309C47A}.Debug|Any CPU.Build.0 = Debug|Any CPU
		{29F0E5AE-7200-4384-92DE-DE5EB309C47A}.Release|Any CPU.ActiveCfg = Release|Any CPU
		{29F0E5AE-7200-4384-92DE-DE5EB309C47A}.Release|Any CPU.Build.0 = Release|Any CPU
		{6F77B635-2B89-4356-8A0E-154F6AE54271}.Debug|Any CPU.ActiveCfg = Debug|Any CPU
		{6F77B635-2B89-4356-8A0E-154F6AE54271}.Debug|Any CPU.Build.0 = Debug|Any CPU
		{6F77B635-2B89-4356-8A0E-154F6AE54271}.Release|Any CPU.ActiveCfg = Release|Any CPU
		{6F77B635-2B89-4356-8A0E-154F6AE54271}.Release|Any CPU.Build.0 = Release|Any CPU
		{8E554DA5-B2DA-46D7-849B-47AB172DB018}.Debug|Any CPU.ActiveCfg = Debug|Any CPU
		{8E554DA5-B2DA-46D7-849B-47AB172DB018}.Debug|Any CPU.Build.0 = Debug|Any CPU
		{8E554DA5-B2DA-46D7-849B-47AB172DB018}.Release|Any CPU.ActiveCfg = Release|Any CPU
		{8E554DA5-B2DA-46D7-849B-47AB172DB018}.Release|Any CPU.Build.0 = Release|Any CPU
		{B533987E-DF69-4168-8679-67B5E54E3D69}.Debug|Any CPU.ActiveCfg = Debug|Any CPU
		{B533987E-DF69-4168-8679-67B5E54E3D69}.Debug|Any CPU.Build.0 = Debug|Any CPU
		{B533987E-DF69-4168-8679-67B5E54E3D69}.Release|Any CPU.ActiveCfg = Release|Any CPU
		{B533987E-DF69-4168-8679-67B5E54E3D69}.Release|Any CPU.Build.0 = Release|Any CPU
		{56DED80E-0542-4808-9447-E338FA28723F}.Debug|Any CPU.ActiveCfg = Debug|Any CPU
		{56DED80E-0542-4808-9447-E338FA28723F}.Debug|Any CPU.Build.0 = Debug|Any CPU
		{56DED80E-0542-4808-9447-E338FA28723F}.Release|Any CPU.ActiveCfg = Release|Any CPU
		{56DED80E-0542-4808-9447-E338FA28723F}.Release|Any CPU.Build.0 = Release|Any CPU
		{B8501861-4D0C-45DF-9925-344F31DDE11E}.Debug|Any CPU.ActiveCfg = Debug|Any CPU
		{B8501861-4D0C-45DF-9925-344F31DDE11E}.Debug|Any CPU.Build.0 = Debug|Any CPU
		{B8501861-4D0C-45DF-9925-344F31DDE11E}.Release|Any CPU.ActiveCfg = Release|Any CPU
		{B8501861-4D0C-45DF-9925-344F31DDE11E}.Release|Any CPU.Build.0 = Release|Any CPU
		{04A5A2F3-44A1-4AF2-A11B-AAF2CE3AD0C5}.Debug|Any CPU.ActiveCfg = Debug|Any CPU
		{04A5A2F3-44A1-4AF2-A11B-AAF2CE3AD0C5}.Debug|Any CPU.Build.0 = Debug|Any CPU
		{04A5A2F3-44A1-4AF2-A11B-AAF2CE3AD0C5}.Release|Any CPU.ActiveCfg = Release|Any CPU
		{04A5A2F3-44A1-4AF2-A11B-AAF2CE3AD0C5}.Release|Any CPU.Build.0 = Release|Any CPU
		{AB5F1556-AB2E-423F-A9D3-36254A3B22FD}.Debug|Any CPU.ActiveCfg = Debug|Any CPU
		{AB5F1556-AB2E-423F-A9D3-36254A3B22FD}.Debug|Any CPU.Build.0 = Debug|Any CPU
		{AB5F1556-AB2E-423F-A9D3-36254A3B22FD}.Release|Any CPU.ActiveCfg = Release|Any CPU
		{AB5F1556-AB2E-423F-A9D3-36254A3B22FD}.Release|Any CPU.Build.0 = Release|Any CPU
	EndGlobalSection
	GlobalSection(SolutionProperties) = preSolution
		HideSolutionNode = FALSE
	EndGlobalSection
	GlobalSection(ExtensibilityGlobals) = postSolution
		SolutionGuid = {D32C1DB0-BCE4-4A08-9E80-F8689945BD41}
	EndGlobalSection
EndGlobal
